
Microsoft Visual Studio Solution File, Format Version 12.00
# Visual Studio Version 17
VisualStudioVersion = 17.9.34728.123
MinimumVisualStudioVersion = 10.0.40219.1
Project("{8BC9CEB8-8B4A-11D0-8D11-00A0C91BC942}") = "ADT List- DLLA indexed list", "ADT List- DLLA indexed list.vcxproj", "{9D608592-8AD4-44A0-9801-F252EC51E06A}"
EndProject
Global
	GlobalSection(SolutionConfigurationPlatforms) = preSolution
		Debug|x64 = Debug|x64
		Debug|x86 = Debug|x86
		Release|x64 = Release|x64
		Release|x86 = Release|x86
	EndGlobalSection
	GlobalSection(ProjectConfigurationPlatforms) = postSolution
		{9D608592-8AD4-44A0-9801-F252EC51E06A}.Debug|x64.ActiveCfg = Debug|x64
		{9D608592-8AD4-44A0-9801-F252EC51E06A}.Debug|x64.Build.0 = Debug|x64
		{9D608592-8AD4-44A0-9801-F252EC51E06A}.Debug|x86.ActiveCfg = Debug|Win32
		{9D608592-8AD4-44A0-9801-F252EC51E06A}.Debug|x86.Build.0 = Debug|Win32
		{9D608592-8AD4-44A0-9801-F252EC51E06A}.Release|x64.ActiveCfg = Release|x64
		{9D608592-8AD4-44A0-9801-F252EC51E06A}.Release|x64.Build.0 = Release|x64
		{9D608592-8AD4-44A0-9801-F252EC51E06A}.Release|x86.ActiveCfg = Release|Win32
		{9D608592-8AD4-44A0-9801-F252EC51E06A}.Release|x86.Build.0 = Release|Win32
	EndGlobalSection
	GlobalSection(SolutionProperties) = preSolution
		HideSolutionNode = FALSE
	EndGlobalSection
	GlobalSection(ExtensibilityGlobals) = postSolution
		SolutionGuid = {0B44D8F6-91AF-4DDA-9BF1-F3ADBC6C3CC7}
	EndGlobalSection
EndGlobal
